
Microsoft Visual Studio Solution File, Format Version 12.00
# Visual Studio Version 16
VisualStudioVersion = 16.0.29009.5
MinimumVisualStudioVersion = 10.0.40219.1
Project("{FAE04EC0-301F-11D3-BF4B-00C04F79EFBC}") = "testing jenkins", "testing jenkins\testing jenkins.csproj", "{DF06A572-C3B4-4CCC-B267-5C959F42BD3D}"
EndProject
Global
	GlobalSection(SolutionConfigurationPlatforms) = preSolution
		Debug|Any CPU = Debug|Any CPU
		Release|Any CPU = Release|Any CPU
	EndGlobalSection
	GlobalSection(ProjectConfigurationPlatforms) = postSolution
		{DF06A572-C3B4-4CCC-B267-5C959F42BD3D}.Debug|Any CPU.ActiveCfg = Debug|Any CPU
		{DF06A572-C3B4-4CCC-B267-5C959F42BD3D}.Debug|Any CPU.Build.0 = Debug|Any CPU
		{DF06A572-C3B4-4CCC-B267-5C959F42BD3D}.Release|Any CPU.ActiveCfg = Release|Any CPU
		{DF06A572-C3B4-4CCC-B267-5C959F42BD3D}.Release|Any CPU.Build.0 = Release|Any CPU
	EndGlobalSection
	GlobalSection(SolutionProperties) = preSolution
		HideSolutionNode = FALSE
	EndGlobalSection
	GlobalSection(ExtensibilityGlobals) = postSolution
		SolutionGuid = {33BEC5CF-114A-4138-AE2C-6B98B2804162}
	EndGlobalSection
EndGlobal
